
Microsoft Visual Studio Solution File, Format Version 12.00
# Visual Studio Version 16
VisualStudioVersion = 16.0.29613.14
MinimumVisualStudioVersion = 10.0.40219.1
Project("{2150E333-8FDC-42A3-9474-1A3956D46DE8}") = "Solution Items", "Solution Items", "{C526B3FF-129A-498A-A01D-3DC18CE2E749}"
	ProjectSection(SolutionItems) = preProject
		README.md = README.md
	EndProjectSection
EndProject
Project("{9A19103F-16F7-4668-BE54-9A1E7A4F7556}") = "PongGame", "Pong\PongGame.csproj", "{137AB22C-A1B8-45AE-A00E-F98E019C5AF4}"
EndProject
Project("{9A19103F-16F7-4668-BE54-9A1E7A4F7556}") = "Tests", "Tests\Tests.csproj", "{8D0C37BF-1D49-41CE-9200-6BD1A458338A}"
EndProject
Project("{9A19103F-16F7-4668-BE54-9A1E7A4F7556}") = "Server", "Server\Server.csproj", "{5178F2EF-F331-4B10-81CE-35A5C0971128}"
EndProject
Project("{FAE04EC0-301F-11D3-BF4B-00C04F79EFBC}") = "Core", "Core\Core.csproj", "{3CAFD9B3-F104-4E88-BA1A-7D6C95A550BF}"
EndProject
Global
	GlobalSection(SolutionConfigurationPlatforms) = preSolution
		Debug|Any CPU = Debug|Any CPU
		Release|Any CPU = Release|Any CPU
	EndGlobalSection
	GlobalSection(ProjectConfigurationPlatforms) = postSolution
		{137AB22C-A1B8-45AE-A00E-F98E019C5AF4}.Debug|Any CPU.ActiveCfg = Debug|Any CPU
		{137AB22C-A1B8-45AE-A00E-F98E019C5AF4}.Debug|Any CPU.Build.0 = Debug|Any CPU
		{137AB22C-A1B8-45AE-A00E-F98E019C5AF4}.Release|Any CPU.ActiveCfg = Release|Any CPU
		{137AB22C-A1B8-45AE-A00E-F98E019C5AF4}.Release|Any CPU.Build.0 = Release|Any CPU
		{8D0C37BF-1D49-41CE-9200-6BD1A458338A}.Debug|Any CPU.ActiveCfg = Debug|Any CPU
		{8D0C37BF-1D49-41CE-9200-6BD1A458338A}.Debug|Any CPU.Build.0 = Debug|Any CPU
		{8D0C37BF-1D49-41CE-9200-6BD1A458338A}.Release|Any CPU.ActiveCfg = Release|Any CPU
		{8D0C37BF-1D49-41CE-9200-6BD1A458338A}.Release|Any CPU.Build.0 = Release|Any CPU
		{5178F2EF-F331-4B10-81CE-35A5C0971128}.Debug|Any CPU.ActiveCfg = Debug|Any CPU
		{5178F2EF-F331-4B10-81CE-35A5C0971128}.Debug|Any CPU.Build.0 = Debug|Any CPU
		{5178F2EF-F331-4B10-81CE-35A5C0971128}.Release|Any CPU.ActiveCfg = Release|Any CPU
		{5178F2EF-F331-4B10-81CE-35A5C0971128}.Release|Any CPU.Build.0 = Release|Any CPU
		{3CAFD9B3-F104-4E88-BA1A-7D6C95A550BF}.Debug|Any CPU.ActiveCfg = Debug|Any CPU
		{3CAFD9B3-F104-4E88-BA1A-7D6C95A550BF}.Debug|Any CPU.Build.0 = Debug|Any CPU
		{3CAFD9B3-F104-4E88-BA1A-7D6C95A550BF}.Release|Any CPU.ActiveCfg = Release|Any CPU
		{3CAFD9B3-F104-4E88-BA1A-7D6C95A550BF}.Release|Any CPU.Build.0 = Release|Any CPU
	EndGlobalSection
	GlobalSection(SolutionProperties) = preSolution
		HideSolutionNode = FALSE
	EndGlobalSection
	GlobalSection(ExtensibilityGlobals) = postSolution
		SolutionGuid = {CECC319D-FB49-4445-A2B3-8057A77FADE2}
	EndGlobalSection
EndGlobal
